// !$*UTF8*$!
{
	archiveVersion = 1;
	classes = {
	};
	objectVersion = 77;
	objects = {

/* Begin PBXBuildFile section */
		2D09B70F67D4D73B8311CEE3 /* NamiWidgetExtension.appex in Embed Foundation Extensions */ = {isa = PBXBuildFile; fileRef = AC5F421D2F39E7F100F0008A /* NamiWidgetExtension.appex */; settings = {ATTRIBUTES = (RemoveHeadersOnCopy, ); }; };
		31C944458069BECD122ADB1D /* HealthKit.framework in Frameworks */ = {isa = PBXBuildFile; fileRef = 6AAA4981BD3D56A7BA296010 /* HealthKit.framework */; };
		AC16222C2F51B9200038B9D4 /* Products.storekit in Resources */ = {isa = PBXBuildFile; fileRef = AC16222B2F51B9200038B9D4 /* Products.storekit */; };
		AC40FCBC2F3E67C600390C78 /* GoogleMobileAds in Frameworks */ = {isa = PBXBuildFile; productRef = AC40FCBB2F3E67C600390C78 /* GoogleMobileAds */; };
		AC5F42202F39E7F100F0008A /* WidgetKit.framework in Frameworks */ = {isa = PBXBuildFile; fileRef = AC5F421F2F39E7F100F0008A /* WidgetKit.framework */; };
		AC5F42222F39E7F100F0008A /* SwiftUI.framework in Frameworks */ = {isa = PBXBuildFile; fileRef = AC5F42212F39E7F100F0008A /* SwiftUI.framework */; };
/* End PBXBuildFile section */

/* Begin PBXContainerItemProxy section */
		88FABB3A9B34369434B61B6A /* PBXContainerItemProxy */ = {
			isa = PBXContainerItemProxy;
			containerPortal = AC5F41B42F39D66D00F0008A /* Project object */;
			proxyType = 1;
			remoteGlobalIDString = AC5F421C2F39E7F100F0008A;
			remoteInfo = NamiWidgetExtension;
		};
		AC5F41CC2F39D67000F0008A /* PBXContainerItemProxy */ = {
			isa = PBXContainerItemProxy;
			containerPortal = AC5F41B42F39D66D00F0008A /* Project object */;
			proxyType = 1;
			remoteGlobalIDString = AC5F41BB2F39D66D00F0008A;
			remoteInfo = Nami;
		};
		AC5F41D62F39D67000F0008A /* PBXContainerItemProxy */ = {
			isa = PBXContainerItemProxy;
			containerPortal = AC5F41B42F39D66D00F0008A /* Project object */;
			proxyType = 1;
			remoteGlobalIDString = AC5F41BB2F39D66D00F0008A;
			remoteInfo = Nami;
		};
/* End PBXContainerItemProxy section */

/* Begin PBXCopyFilesBuildPhase section */
		554A4EC99C54227D5B57634A /* Embed Frameworks */ = {
			isa = PBXCopyFilesBuildPhase;
			buildActionMask = 2147483647;
			dstPath = "";
			dstSubfolderSpec = 10;
			files = (
			);
			name = "Embed Frameworks";
			runOnlyForDeploymentPostprocessing = 0;
		};
		B096E56121CADA83F6E16168 /* Embed Foundation Extensions */ = {
			isa = PBXCopyFilesBuildPhase;
			buildActionMask = 2147483647;
			dstPath = "";
			dstSubfolderSpec = 13;
			files = (
				2D09B70F67D4D73B8311CEE3 /* NamiWidgetExtension.appex in Embed Foundation Extensions */,
			);
			name = "Embed Foundation Extensions";
			runOnlyForDeploymentPostprocessing = 0;
		};
/* End PBXCopyFilesBuildPhase section */

/* Begin PBXFileReference section */
		6AAA4981BD3D56A7BA296010 /* HealthKit.framework */ = {isa = PBXFileReference; lastKnownFileType = wrapper.framework; name = HealthKit.framework; path = System/Library/Frameworks/HealthKit.framework; sourceTree = SDKROOT; };
		AC16222B2F51B9200038B9D4 /* Products.storekit */ = {isa = PBXFileReference; lastKnownFileType = text; path = Products.storekit; sourceTree = "<group>"; };
		AC5F41BC2F39D66D00F0008A /* Nami.app */ = {isa = PBXFileReference; explicitFileType = wrapper.application; includeInIndex = 0; path = Nami.app; sourceTree = BUILT_PRODUCTS_DIR; };
		AC5F41CB2F39D67000F0008A /* NamiTests.xctest */ = {isa = PBXFileReference; explicitFileType = wrapper.cfbundle; includeInIndex = 0; path = NamiTests.xctest; sourceTree = BUILT_PRODUCTS_DIR; };
		AC5F41D52F39D67000F0008A /* NamiUITests.xctest */ = {isa = PBXFileReference; explicitFileType = wrapper.cfbundle; includeInIndex = 0; path = NamiUITests.xctest; sourceTree = BUILT_PRODUCTS_DIR; };
		AC5F421D2F39E7F100F0008A /* NamiWidgetExtension.appex */ = {isa = PBXFileReference; explicitFileType = "wrapper.app-extension"; includeInIndex = 0; path = NamiWidgetExtension.appex; sourceTree = BUILT_PRODUCTS_DIR; };
		AC5F421F2F39E7F100F0008A /* WidgetKit.framework */ = {isa = PBXFileReference; lastKnownFileType = wrapper.framework; name = WidgetKit.framework; path = System/Library/Frameworks/WidgetKit.framework; sourceTree = SDKROOT; };
		AC5F42212F39E7F100F0008A /* SwiftUI.framework */ = {isa = PBXFileReference; lastKnownFileType = wrapper.framework; name = SwiftUI.framework; path = System/Library/Frameworks/SwiftUI.framework; sourceTree = SDKROOT; };
		AC5F423D2F39E80000F0008A /* NamiWidgetExtension.entitlements */ = {isa = PBXFileReference; lastKnownFileType = text.plist.entitlements; path = NamiWidgetExtension.entitlements; sourceTree = "<group>"; };
/* End PBXFileReference section */

/* Begin PBXFileSystemSynchronizedBuildFileExceptionSet section */
		AC5F42302F39E7F300F0008A /* Exceptions for "NamiWidget" folder in "NamiWidgetExtension" target */ = {
			isa = PBXFileSystemSynchronizedBuildFileExceptionSet;
			membershipExceptions = (
				Info.plist,
			);
			target = AC5F421C2F39E7F100F0008A /* NamiWidgetExtension */;
		};
/* End PBXFileSystemSynchronizedBuildFileExceptionSet section */

/* Begin PBXFileSystemSynchronizedRootGroup section */
		AC5F41BE2F39D66D00F0008A /* Nami */ = {
			isa = PBXFileSystemSynchronizedRootGroup;
			path = Nami;
			sourceTree = "<group>";
		};
		AC5F41CE2F39D67000F0008A /* NamiTests */ = {
			isa = PBXFileSystemSynchronizedRootGroup;
			path = NamiTests;
			sourceTree = "<group>";
		};
		AC5F41D82F39D67000F0008A /* NamiUITests */ = {
			isa = PBXFileSystemSynchronizedRootGroup;
			path = NamiUITests;
			sourceTree = "<group>";
		};
		AC5F42232F39E7F100F0008A /* NamiWidget */ = {
			isa = PBXFileSystemSynchronizedRootGroup;
			exceptions = (
				AC5F42302F39E7F300F0008A /* Exceptions for "NamiWidget" folder in "NamiWidgetExtension" target */,
			);
			path = NamiWidget;
			sourceTree = "<group>";
		};
/* End PBXFileSystemSynchronizedRootGroup section */

/* Begin PBXFrameworksBuildPhase section */
		AC5F41B92F39D66D00F0008A /* Frameworks */ = {
			isa = PBXFrameworksBuildPhase;
			buildActionMask = 2147483647;
			files = (
				AC40FCBC2F3E67C600390C78 /* GoogleMobileAds in Frameworks */,
				31C944458069BECD122ADB1D /* HealthKit.framework in Frameworks */,
			);
			runOnlyForDeploymentPostprocessing = 0;
		};
		AC5F41C82F39D67000F0008A /* Frameworks */ = {
			isa = PBXFrameworksBuildPhase;
			buildActionMask = 2147483647;
			files = (
			);
			runOnlyForDeploymentPostprocessing = 0;
		};
		AC5F41D22F39D67000F0008A /* Frameworks */ = {
			isa = PBXFrameworksBuildPhase;
			buildActionMask = 2147483647;
			files = (
			);
			runOnlyForDeploymentPostprocessing = 0;
		};
		AC5F421A2F39E7F100F0008A /* Frameworks */ = {
			isa = PBXFrameworksBuildPhase;
			buildActionMask = 2147483647;
			files = (
				AC5F42222F39E7F100F0008A /* SwiftUI.framework in Frameworks */,
				AC5F42202F39E7F100F0008A /* WidgetKit.framework in Frameworks */,
			);
			runOnlyForDeploymentPostprocessing = 0;
		};
/* End PBXFrameworksBuildPhase section */

/* Begin PBXGroup section */
		AC5F41B32F39D66D00F0008A = {
			isa = PBXGroup;
			children = (
				AC16222B2F51B9200038B9D4 /* Products.storekit */,
				AC5F423D2F39E80000F0008A /* NamiWidgetExtension.entitlements */,
				AC5F41BE2F39D66D00F0008A /* Nami */,
				AC5F41CE2F39D67000F0008A /* NamiTests */,
				AC5F41D82F39D67000F0008A /* NamiUITests */,
				AC5F42232F39E7F100F0008A /* NamiWidget */,
				AC5F421E2F39E7F100F0008A /* Frameworks */,
				AC5F41BD2F39D66D00F0008A /* Products */,
			);
			sourceTree = "<group>";
		};
		AC5F41BD2F39D66D00F0008A /* Products */ = {
			isa = PBXGroup;
			children = (
				AC5F41BC2F39D66D00F0008A /* Nami.app */,
				AC5F41CB2F39D67000F0008A /* NamiTests.xctest */,
				AC5F41D52F39D67000F0008A /* NamiUITests.xctest */,
				AC5F421D2F39E7F100F0008A /* NamiWidgetExtension.appex */,
			);
			name = Products;
			sourceTree = "<group>";
		};
		AC5F421E2F39E7F100F0008A /* Frameworks */ = {
			isa = PBXGroup;
			children = (
				AC5F421F2F39E7F100F0008A /* WidgetKit.framework */,
				AC5F42212F39E7F100F0008A /* SwiftUI.framework */,
				6AAA4981BD3D56A7BA296010 /* HealthKit.framework */,
			);
			name = Frameworks;
			sourceTree = "<group>";
		};
/* End PBXGroup section */

/* Begin PBXNativeTarget section */
		AC5F41BB2F39D66D00F0008A /* Nami */ = {
			isa = PBXNativeTarget;
			buildConfigurationList = AC5F41DF2F39D67000F0008A /* Build configuration list for PBXNativeTarget "Nami" */;
			buildPhases = (
				AC5F41B82F39D66D00F0008A /* Sources */,
				AC5F41B92F39D66D00F0008A /* Frameworks */,
				AC5F41BA2F39D66D00F0008A /* Resources */,
				B096E56121CADA83F6E16168 /* Embed Foundation Extensions */,
				554A4EC99C54227D5B57634A /* Embed Frameworks */,
			);
			buildRules = (
			);
			dependencies = (
				B93941EBAD1149CC82004494 /* PBXTargetDependency */,
			);
			fileSystemSynchronizedGroups = (
				AC5F41BE2F39D66D00F0008A /* Nami */,
			);
			name = Nami;
			productName = Nami;
			productReference = AC5F41BC2F39D66D00F0008A /* Nami.app */;
			productType = "com.apple.product-type.application";
		};
		AC5F41CA2F39D67000F0008A /* NamiTests */ = {
			isa = PBXNativeTarget;
			buildConfigurationList = AC5F41E22F39D67000F0008A /* Build configuration list for PBXNativeTarget "NamiTests" */;
			buildPhases = (
				AC5F41C72F39D67000F0008A /* Sources */,
				AC5F41C82F39D67000F0008A /* Frameworks */,
				AC5F41C92F39D67000F0008A /* Resources */,
			);
			buildRules = (
			);
			dependencies = (
				AC5F41CD2F39D67000F0008A /* PBXTargetDependency */,
			);
			fileSystemSynchronizedGroups = (
				AC5F41CE2F39D67000F0008A /* NamiTests */,
			);
			name = NamiTests;
			productName = NamiTests;
			productReference = AC5F41CB2F39D67000F0008A /* NamiTests.xctest */;
			productType = "com.apple.product-type.bundle.unit-test";
		};
		AC5F41D42F39D67000F0008A /* NamiUITests */ = {
			isa = PBXNativeTarget;
			buildConfigurationList = AC5F41E52F39D67000F0008A /* Build configuration list for PBXNativeTarget "NamiUITests" */;
			buildPhases = (
				AC5F41D12F39D67000F0008A /* Sources */,
				AC5F41D22F39D67000F0008A /* Frameworks */,
				AC5F41D32F39D67000F0008A /* Resources */,
			);
			buildRules = (
			);
			dependencies = (
				AC5F41D72F39D67000F0008A /* PBXTargetDependency */,
			);
			fileSystemSynchronizedGroups = (
				AC5F41D82F39D67000F0008A /* NamiUITests */,
			);
			name = NamiUITests;
			productName = NamiUITests;
			productReference = AC5F41D52F39D67000F0008A /* NamiUITests.xctest */;
			productType = "com.apple.product-type.bundle.ui-testing";
		};
		AC5F421C2F39E7F100F0008A /* NamiWidgetExtension */ = {
			isa = PBXNativeTarget;
			buildConfigurationList = AC5F42312F39E7F300F0008A /* Build configuration list for PBXNativeTarget "NamiWidgetExtension" */;
			buildPhases = (
				AC5F42192F39E7F100F0008A /* Sources */,
				AC5F421A2F39E7F100F0008A /* Frameworks */,
				AC5F421B2F39E7F100F0008A /* Resources */,
			);
			buildRules = (
			);
			dependencies = (
			);
			fileSystemSynchronizedGroups = (
				AC5F42232F39E7F100F0008A /* NamiWidget */,
			);
			name = NamiWidgetExtension;
			productName = NamiWidgetExtension;
			productReference = AC5F421D2F39E7F100F0008A /* NamiWidgetExtension.appex */;
			productType = "com.apple.product-type.app-extension";
		};
/* End PBXNativeTarget section */

/* Begin PBXProject section */
		AC5F41B42F39D66D00F0008A /* Project object */ = {
			isa = PBXProject;
			attributes = {
				BuildIndependentTargetsInParallel = 1;
				LastSwiftUpdateCheck = 2630;
				LastUpgradeCheck = 2630;
				TargetAttributes = {
					AC5F41BB2F39D66D00F0008A = {
						CreatedOnToolsVersion = 26.3;
					};
					AC5F41CA2F39D67000F0008A = {
						CreatedOnToolsVersion = 26.3;
						TestTargetID = AC5F41BB2F39D66D00F0008A;
					};
					AC5F41D42F39D67000F0008A = {
						CreatedOnToolsVersion = 26.3;
						TestTargetID = AC5F41BB2F39D66D00F0008A;
					};
					AC5F421C2F39E7F100F0008A = {
						CreatedOnToolsVersion = 26.3;
					};
				};
			};
			buildConfigurationList = AC5F41B72F39D66D00F0008A /* Build configuration list for PBXProject "Nami" */;
			developmentRegion = ja;
			hasScannedForEncodings = 0;
			knownRegions = (
				ja,
				en,
				Base,
			);
			mainGroup = AC5F41B32F39D66D00F0008A;
			minimizedProjectReferenceProxies = 1;
			packageReferences = (
				AC40FCBA2F3E67C600390C78 /* XCRemoteSwiftPackageReference "swift-package-manager-google-mobile-ads" */,
			);
			preferredProjectObjectVersion = 77;
			productRefGroup = AC5F41BD2F39D66D00F0008A /* Products */;
			projectDirPath = "";
			projectRoot = "";
			targets = (
				AC5F41BB2F39D66D00F0008A /* Nami */,
				AC5F41CA2F39D67000F0008A /* NamiTests */,
				AC5F41D42F39D67000F0008A /* NamiUITests */,
				AC5F421C2F39E7F100F0008A /* NamiWidgetExtension */,
			);
		};
/* End PBXProject section */

/* Begin PBXResourcesBuildPhase section */
		AC5F41BA2F39D66D00F0008A /* Resources */ = {
			isa = PBXResourcesBuildPhase;
			buildActionMask = 2147483647;
			files = (
				AC16222C2F51B9200038B9D4 /* Products.storekit in Resources */,
			);
			runOnlyForDeploymentPostprocessing = 0;
		};
		AC5F41C92F39D67000F0008A /* Resources */ = {
			isa = PBXResourcesBuildPhase;
			buildActionMask = 2147483647;
			files = (
			);
			runOnlyForDeploymentPostprocessing = 0;
		};
		AC5F41D32F39D67000F0008A /* Resources */ = {
			isa = PBXResourcesBuildPhase;
			buildActionMask = 2147483647;
			files = (
			);
			runOnlyForDeploymentPostprocessing = 0;
		};
		AC5F421B2F39E7F100F0008A /* Resources */ = {
			isa = PBXResourcesBuildPhase;
			buildActionMask = 2147483647;
			files = (
			);
			runOnlyForDeploymentPostprocessing = 0;
		};
/* End PBXResourcesBuildPhase section */

/* Begin PBXSourcesBuildPhase section */
		AC5F41B82F39D66D00F0008A /* Sources */ = {
			isa = PBXSourcesBuildPhase;
			buildActionMask = 2147483647;
			files = (
			);
			runOnlyForDeploymentPostprocessing = 0;
		};
		AC5F41C72F39D67000F0008A /* Sources */ = {
			isa = PBXSourcesBuildPhase;
			buildActionMask = 2147483647;
			files = (
			);
			runOnlyForDeploymentPostprocessing = 0;
		};
		AC5F41D12F39D67000F0008A /* Sources */ = {
			isa = PBXSourcesBuildPhase;
			buildActionMask = 2147483647;
			files = (
			);
			runOnlyForDeploymentPostprocessing = 0;
		};
		AC5F42192F39E7F100F0008A /* Sources */ = {
			isa = PBXSourcesBuildPhase;
			buildActionMask = 2147483647;
			files = (
			);
			runOnlyForDeploymentPostprocessing = 0;
		};
/* End PBXSourcesBuildPhase section */

/* Begin PBXTargetDependency section */
		AC5F41CD2F39D67000F0008A /* PBXTargetDependency */ = {
			isa = PBXTargetDependency;
			target = AC5F41BB2F39D66D00F0008A /* Nami */;
			targetProxy = AC5F41CC2F39D67000F0008A /* PBXContainerItemProxy */;
		};
		AC5F41D72F39D67000F0008A /* PBXTargetDependency */ = {
			isa = PBXTargetDependency;
			target = AC5F41BB2F39D66D00F0008A /* Nami */;
			targetProxy = AC5F41D62F39D67000F0008A /* PBXContainerItemProxy */;
		};
		B93941EBAD1149CC82004494 /* PBXTargetDependency */ = {
			isa = PBXTargetDependency;
			name = NamiWidgetExtension;
			target = AC5F421C2F39E7F100F0008A /* NamiWidgetExtension */;
			targetProxy = 88FABB3A9B34369434B61B6A /* PBXContainerItemProxy */;
		};
/* End PBXTargetDependency section */

/* Begin XCBuildConfiguration section */
		AC5F41DD2F39D67000F0008A /* Debug */ = {
			isa = XCBuildConfiguration;
			buildSettings = {
				ALWAYS_SEARCH_USER_PATHS = NO;
				ASSETCATALOG_COMPILER_GENERATE_SWIFT_ASSET_SYMBOL_EXTENSIONS = YES;
				CLANG_ANALYZER_NONNULL = YES;
				CLANG_ANALYZER_NUMBER_OBJECT_CONVERSION = YES_AGGRESSIVE;
				CLANG_CXX_LANGUAGE_STANDARD = "gnu++20";
				CLANG_ENABLE_MODULES = YES;
				CLANG_ENABLE_OBJC_ARC = YES;
				CLANG_ENABLE_OBJC_WEAK = YES;
				CLANG_WARN_BLOCK_CAPTURE_AUTORELEASING = YES;
				CLANG_WARN_BOOL_CONVERSION = YES;
				CLANG_WARN_COMMA = YES;
				CLANG_WARN_CONSTANT_CONVERSION = YES;
				CLANG_WARN_DEPRECATED_OBJC_IMPLEMENTATIONS = YES;
				CLANG_WARN_DIRECT_OBJC_ISA_USAGE = YES_ERROR;
				CLANG_WARN_DOCUMENTATION_COMMENTS = YES;
				CLANG_WARN_EMPTY_BODY = YES;
				CLANG_WARN_ENUM_CONVERSION = YES;
				CLANG_WARN_INFINITE_RECURSION = YES;
				CLANG_WARN_INT_CONVERSION = YES;
				CLANG_WARN_NON_LITERAL_NULL_CONVERSION = YES;
				CLANG_WARN_OBJC_IMPLICIT_RETAIN_SELF = YES;
				CLANG_WARN_OBJC_LITERAL_CONVERSION = YES;
				CLANG_WARN_OBJC_ROOT_CLASS = YES_ERROR;
				CLANG_WARN_QUOTED_INCLUDE_IN_FRAMEWORK_HEADER = YES;
				CLANG_WARN_RANGE_LOOP_ANALYSIS = YES;
				CLANG_WARN_STRICT_PROTOTYPES = YES;
				CLANG_WARN_SUSPICIOUS_MOVE = YES;
				CLANG_WARN_UNGUARDED_AVAILABILITY = YES_AGGRESSIVE;
				CLANG_WARN_UNREACHABLE_CODE = YES;
				CLANG_WARN__DUPLICATE_METHOD_MATCH = YES;
				COPY_PHASE_STRIP = NO;
				DEBUG_INFORMATION_FORMAT = dwarf;
				DEVELOPMENT_TEAM = WM7939G226;
				ENABLE_STRICT_OBJC_MSGSEND = YES;
				ENABLE_TESTABILITY = YES;
				ENABLE_USER_SCRIPT_SANDBOXING = YES;
				GCC_C_LANGUAGE_STANDARD = gnu17;
				GCC_DYNAMIC_NO_PIC = NO;
				GCC_NO_COMMON_BLOCKS = YES;
				GCC_OPTIMIZATION_LEVEL = 0;
				GCC_PREPROCESSOR_DEFINITIONS = (
					"DEBUG=1",
					"$(inherited)",
				);
				GCC_WARN_64_TO_32_BIT_CONVERSION = YES;
				GCC_WARN_ABOUT_RETURN_TYPE = YES_ERROR;
				GCC_WARN_UNDECLARED_SELECTOR = YES;
				GCC_WARN_UNINITIALIZED_AUTOS = YES_AGGRESSIVE;
				GCC_WARN_UNUSED_FUNCTION = YES;
				GCC_WARN_UNUSED_VARIABLE = YES;
				IPHONEOS_DEPLOYMENT_TARGET = 26.2;
				LOCALIZATION_PREFERS_STRING_CATALOGS = YES;
				MTL_ENABLE_DEBUG_INFO = INCLUDE_SOURCE;
				MTL_FAST_MATH = YES;
				ONLY_ACTIVE_ARCH = YES;
				SDKROOT = iphoneos;
				SWIFT_ACTIVE_COMPILATION_CONDITIONS = "DEBUG $(inherited)";
				SWIFT_OPTIMIZATION_LEVEL = "-Onone";
			};
			name = Debug;
		};
		AC5F41DE2F39D67000F0008A /* Release */ = {
			isa = XCBuildConfiguration;
			buildSettings = {
				ALWAYS_SEARCH_USER_PATHS = NO;
				ASSETCATALOG_COMPILER_GENERATE_SWIFT_ASSET_SYMBOL_EXTENSIONS = YES;
				CLANG_ANALYZER_NONNULL = YES;
				CLANG_ANALYZER_NUMBER_OBJECT_CONVERSION = YES_AGGRESSIVE;
				CLANG_CXX_LANGUAGE_STANDARD = "gnu++20";
				CLANG_ENABLE_MODULES = YES;
				CLANG_ENABLE_OBJC_ARC = YES;
				CLANG_ENABLE_OBJC_WEAK = YES;
				CLANG_WARN_BLOCK_CAPTURE_AUTORELEASING = YES;
				CLANG_WARN_BOOL_CONVERSION = YES;
				CLANG_WARN_COMMA = YES;
				CLANG_WARN_CONSTANT_CONVERSION = YES;
				CLANG_WARN_DEPRECATED_OBJC_IMPLEMENTATIONS = YES;
				CLANG_WARN_DIRECT_OBJC_ISA_USAGE = YES_ERROR;
				CLANG_WARN_DOCUMENTATION_COMMENTS = YES;
				CLANG_WARN_EMPTY_BODY = YES;
				CLANG_WARN_ENUM_CONVERSION = YES;
				CLANG_WARN_INFINITE_RECURSION = YES;
				CLANG_WARN_INT_CONVERSION = YES;
				CLANG_WARN_NON_LITERAL_NULL_CONVERSION = YES;
				CLANG_WARN_OBJC_IMPLICIT_RETAIN_SELF = YES;
				CLANG_WARN_OBJC_LITERAL_CONVERSION = YES;
				CLANG_WARN_OBJC_ROOT_CLASS = YES_ERROR;
				CLANG_WARN_QUOTED_INCLUDE_IN_FRAMEWORK_HEADER = YES;
				CLANG_WARN_RANGE_LOOP_ANALYSIS = YES;
				CLANG_WARN_STRICT_PROTOTYPES = YES;
				CLANG_WARN_SUSPICIOUS_MOVE = YES;
				CLANG_WARN_UNGUARDED_AVAILABILITY = YES_AGGRESSIVE;
				CLANG_WARN_UNREACHABLE_CODE = YES;
				CLANG_WARN__DUPLICATE_METHOD_MATCH = YES;
				COPY_PHASE_STRIP = NO;
				DEBUG_INFORMATION_FORMAT = "dwarf-with-dsym";
				DEVELOPMENT_TEAM = WM7939G226;
				ENABLE_NS_ASSERTIONS = NO;
				ENABLE_STRICT_OBJC_MSGSEND = YES;
				ENABLE_USER_SCRIPT_SANDBOXING = YES;
				GCC_C_LANGUAGE_STANDARD = gnu17;
				GCC_NO_COMMON_BLOCKS = YES;
				GCC_WARN_64_TO_32_BIT_CONVERSION = YES;
				GCC_WARN_ABOUT_RETURN_TYPE = YES_ERROR;
				GCC_WARN_UNDECLARED_SELECTOR = YES;
				GCC_WARN_UNINITIALIZED_AUTOS = YES_AGGRESSIVE;
				GCC_WARN_UNUSED_FUNCTION = YES;
				GCC_WARN_UNUSED_VARIABLE = YES;
				IPHONEOS_DEPLOYMENT_TARGET = 26.2;
				LOCALIZATION_PREFERS_STRING_CATALOGS = YES;
				MTL_ENABLE_DEBUG_INFO = NO;
				MTL_FAST_MATH = YES;
				SDKROOT = iphoneos;
				SWIFT_COMPILATION_MODE = wholemodule;
				VALIDATE_PRODUCT = YES;
			};
			name = Release;
		};
		AC5F41E02F39D67000F0008A /* Debug */ = {
			isa = XCBuildConfiguration;
			buildSettings = {
				ASSETCATALOG_COMPILER_APPICON_NAME = AppIcon;
				ASSETCATALOG_COMPILER_GLOBAL_ACCENT_COLOR_NAME = AccentColor;
				CODE_SIGN_ENTITLEMENTS = Nami/Nami.entitlements;
				CODE_SIGN_STYLE = Automatic;
				CURRENT_PROJECT_VERSION = 5;
				DEVELOPMENT_TEAM = WM7939G226;
				ENABLE_PREVIEWS = YES;
				GENERATE_INFOPLIST_FILE = YES;
				INFOPLIST_FILE = Info.plist;
				INFOPLIST_KEY_NSCameraUsageDescription = "気分記録時に写真を撮影するために使用します";
				INFOPLIST_KEY_NSMicrophoneUsageDescription = "気分記録時にボイスメモを録音するために使用します";
				INFOPLIST_KEY_NSUserTrackingUsageDescription = "パーソナライズされた広告を表示するために使用します。広告除去を購入すると不要になります。";
				INFOPLIST_KEY_UIApplicationSceneManifest_Generation = YES;
				INFOPLIST_KEY_UIApplicationSupportsIndirectInputEvents = YES;
				INFOPLIST_KEY_UILaunchScreen_Generation = YES;
				INFOPLIST_KEY_UISupportedInterfaceOrientations_iPad = "UIInterfaceOrientationPortrait UIInterfaceOrientationPortraitUpsideDown UIInterfaceOrientationLandscapeLeft UIInterfaceOrientationLandscapeRight";
				INFOPLIST_KEY_UISupportedInterfaceOrientations_iPhone = "UIInterfaceOrientationPortrait UIInterfaceOrientationLandscapeLeft UIInterfaceOrientationLandscapeRight";
				LD_RUNPATH_SEARCH_PATHS = (
					"$(inherited)",
					"@executable_path/Frameworks",
					"$(inherited)",
					"@executable_path/Frameworks",
				);
				MARKETING_VERSION = 1.0;
				PRODUCT_BUNDLE_IDENTIFIER = com.imai.Nami;
				PRODUCT_NAME = "$(TARGET_NAME)";
				STRING_CATALOG_GENERATE_SYMBOLS = YES;
				SUPPORTED_PLATFORMS = "iphoneos iphonesimulator";
				SUPPORTS_MACCATALYST = NO;
				SUPPORTS_MAC_DESIGNED_FOR_IPHONE_IPAD = NO;
				SUPPORTS_XR_DESIGNED_FOR_IPHONE_IPAD = NO;
				SWIFT_APPROACHABLE_CONCURRENCY = YES;
				SWIFT_DEFAULT_ACTOR_ISOLATION = MainActor;
				SWIFT_EMIT_LOC_STRINGS = YES;
				SWIFT_UPCOMING_FEATURE_MEMBER_IMPORT_VISIBILITY = YES;
				SWIFT_VERSION = 5.0;
				TARGETED_DEVICE_FAMILY = 1;
			};
			name = Debug;
		};
		AC5F41E12F39D67000F0008A /* Release */ = {
			isa = XCBuildConfiguration;
			buildSettings = {
				ASSETCATALOG_COMPILER_APPICON_NAME = AppIcon;
				ASSETCATALOG_COMPILER_GLOBAL_ACCENT_COLOR_NAME = AccentColor;
				CODE_SIGN_ENTITLEMENTS = Nami/Nami.entitlements;
				CODE_SIGN_STYLE = Automatic;
				CURRENT_PROJECT_VERSION = 5;
				DEVELOPMENT_TEAM = WM7939G226;
				ENABLE_PREVIEWS = YES;
				GENERATE_INFOPLIST_FILE = YES;
				INFOPLIST_FILE = Info.plist;
				INFOPLIST_KEY_NSCameraUsageDescription = "気分記録時に写真を撮影するために使用します";
				INFOPLIST_KEY_NSMicrophoneUsageDescription = "気分記録時にボイスメモを録音するために使用します";
				INFOPLIST_KEY_NSUserTrackingUsageDescription = "パーソナライズされた広告を表示するために使用します。広告除去を購入すると不要になります。";
				INFOPLIST_KEY_UIApplicationSceneManifest_Generation = YES;
				INFOPLIST_KEY_UIApplicationSupportsIndirectInputEvents = YES;
				INFOPLIST_KEY_UILaunchScreen_Generation = YES;
				INFOPLIST_KEY_UISupportedInterfaceOrientations_iPad = "UIInterfaceOrientationPortrait UIInterfaceOrientationPortraitUpsideDown UIInterfaceOrientationLandscapeLeft UIInterfaceOrientationLandscapeRight";
				INFOPLIST_KEY_UISupportedInterfaceOrientations_iPhone = "UIInterfaceOrientationPortrait UIInterfaceOrientationLandscapeLeft UIInterfaceOrientationLandscapeRight";
				LD_RUNPATH_SEARCH_PATHS = (
					"$(inherited)",
					"@executable_path/Frameworks",
					"$(inherited)",
					"@executable_path/Frameworks",
				);
				MARKETING_VERSION = 1.0;
				PRODUCT_BUNDLE_IDENTIFIER = com.imai.Nami;
				PRODUCT_NAME = "$(TARGET_NAME)";
				STRING_CATALOG_GENERATE_SYMBOLS = YES;
				SUPPORTED_PLATFORMS = "iphoneos iphonesimulator";
				SUPPORTS_MACCATALYST = NO;
				SUPPORTS_MAC_DESIGNED_FOR_IPHONE_IPAD = NO;
				SUPPORTS_XR_DESIGNED_FOR_IPHONE_IPAD = NO;
				SWIFT_APPROACHABLE_CONCURRENCY = YES;
				SWIFT_DEFAULT_ACTOR_ISOLATION = MainActor;
				SWIFT_EMIT_LOC_STRINGS = YES;
				SWIFT_UPCOMING_FEATURE_MEMBER_IMPORT_VISIBILITY = YES;
				SWIFT_VERSION = 5.0;
				TARGETED_DEVICE_FAMILY = 1;
			};
			name = Release;
		};
		AC5F41E32F39D67000F0008A /* Debug */ = {
			isa = XCBuildConfiguration;
			buildSettings = {
				BUNDLE_LOADER = "$(TEST_HOST)";
				CODE_SIGN_STYLE = Automatic;
				CURRENT_PROJECT_VERSION = 5;
				DEVELOPMENT_TEAM = WM7939G226;
				GENERATE_INFOPLIST_FILE = YES;
				IPHONEOS_DEPLOYMENT_TARGET = 26.2;
				MARKETING_VERSION = 1.0;
				PRODUCT_BUNDLE_IDENTIFIER = com.imai.NamiTests;
				PRODUCT_NAME = "$(TARGET_NAME)";
				STRING_CATALOG_GENERATE_SYMBOLS = NO;
				SWIFT_APPROACHABLE_CONCURRENCY = YES;
				SWIFT_EMIT_LOC_STRINGS = NO;
				SWIFT_UPCOMING_FEATURE_MEMBER_IMPORT_VISIBILITY = YES;
				SWIFT_VERSION = 5.0;
				TARGETED_DEVICE_FAMILY = 1;
				TEST_HOST = "$(BUILT_PRODUCTS_DIR)/Nami.app/$(BUNDLE_EXECUTABLE_FOLDER_PATH)/Nami";
			};
			name = Debug;
		};
		AC5F41E42F39D67000F0008A /* Release */ = {
			isa = XCBuildConfiguration;
			buildSettings = {
				BUNDLE_LOADER = "$(TEST_HOST)";
				CODE_SIGN_STYLE = Automatic;
				CURRENT_PROJECT_VERSION = 5;
				DEVELOPMENT_TEAM = WM7939G226;
				GENERATE_INFOPLIST_FILE = YES;
				IPHONEOS_DEPLOYMENT_TARGET = 26.2;
				MARKETING_VERSION = 1.0;
				PRODUCT_BUNDLE_IDENTIFIER = com.imai.NamiTests;
				PRODUCT_NAME = "$(TARGET_NAME)";
				STRING_CATALOG_GENERATE_SYMBOLS = NO;
				SWIFT_APPROACHABLE_CONCURRENCY = YES;
				SWIFT_EMIT_LOC_STRINGS = NO;
				SWIFT_UPCOMING_FEATURE_MEMBER_IMPORT_VISIBILITY = YES;
				SWIFT_VERSION = 5.0;
				TARGETED_DEVICE_FAMILY = 1;
				TEST_HOST = "$(BUILT_PRODUCTS_DIR)/Nami.app/$(BUNDLE_EXECUTABLE_FOLDER_PATH)/Nami";
			};
			name = Release;
		};
		AC5F41E62F39D67000F0008A /* Debug */ = {
			isa = XCBuildConfiguration;
			buildSettings = {
				CODE_SIGN_STYLE = Automatic;
				CURRENT_PROJECT_VERSION = 5;
				DEVELOPMENT_TEAM = WM7939G226;
				GENERATE_INFOPLIST_FILE = YES;
				MARKETING_VERSION = 1.0;
				PRODUCT_BUNDLE_IDENTIFIER = com.imai.NamiUITests;
				PRODUCT_NAME = "$(TARGET_NAME)";
				STRING_CATALOG_GENERATE_SYMBOLS = NO;
				SWIFT_APPROACHABLE_CONCURRENCY = YES;
				SWIFT_EMIT_LOC_STRINGS = NO;
				SWIFT_UPCOMING_FEATURE_MEMBER_IMPORT_VISIBILITY = YES;
				SWIFT_VERSION = 5.0;
				TARGETED_DEVICE_FAMILY = 1;
				TEST_TARGET_NAME = Nami;
			};
			name = Debug;
		};
		AC5F41E72F39D67000F0008A /* Release */ = {
			isa = XCBuildConfiguration;
			buildSettings = {
				CODE_SIGN_STYLE = Automatic;
				CURRENT_PROJECT_VERSION = 5;
				DEVELOPMENT_TEAM = WM7939G226;
				GENERATE_INFOPLIST_FILE = YES;
				MARKETING_VERSION = 1.0;
				PRODUCT_BUNDLE_IDENTIFIER = com.imai.NamiUITests;
				PRODUCT_NAME = "$(TARGET_NAME)";
				STRING_CATALOG_GENERATE_SYMBOLS = NO;
				SWIFT_APPROACHABLE_CONCURRENCY = YES;
				SWIFT_EMIT_LOC_STRINGS = NO;
				SWIFT_UPCOMING_FEATURE_MEMBER_IMPORT_VISIBILITY = YES;
				SWIFT_VERSION = 5.0;
				TARGETED_DEVICE_FAMILY = 1;
				TEST_TARGET_NAME = Nami;
			};
			name = Release;
		};
		AC5F42322F39E7F300F0008A /* Debug */ = {
			isa = XCBuildConfiguration;
			buildSettings = {
				ASSETCATALOG_COMPILER_GLOBAL_ACCENT_COLOR_NAME = AccentColor;
				ASSETCATALOG_COMPILER_WIDGET_BACKGROUND_COLOR_NAME = WidgetBackground;
				CODE_SIGN_ENTITLEMENTS = NamiWidgetExtension.entitlements;
				CODE_SIGN_STYLE = Automatic;
				CURRENT_PROJECT_VERSION = 5;
				DEVELOPMENT_TEAM = WM7939G226;
				GENERATE_INFOPLIST_FILE = YES;
				INFOPLIST_FILE = NamiWidget/Info.plist;
				INFOPLIST_KEY_CFBundleDisplayName = NamiWidget;
				INFOPLIST_KEY_NSHumanReadableCopyright = "";
				LD_RUNPATH_SEARCH_PATHS = (
					"$(inherited)",
					"@executable_path/Frameworks",
					"@executable_path/../../Frameworks",
				);
				MARKETING_VERSION = 1.0;
				PRODUCT_BUNDLE_IDENTIFIER = com.imai.Nami.NamiWidget;
				PRODUCT_NAME = "$(TARGET_NAME)";
				SKIP_INSTALL = YES;
				STRING_CATALOG_GENERATE_SYMBOLS = YES;
				SWIFT_APPROACHABLE_CONCURRENCY = YES;
				SWIFT_EMIT_LOC_STRINGS = YES;
				SWIFT_UPCOMING_FEATURE_MEMBER_IMPORT_VISIBILITY = YES;
				SWIFT_VERSION = 5.0;
				TARGETED_DEVICE_FAMILY = 1;
			};
			name = Debug;
		};
		AC5F42332F39E7F300F0008A /* Release */ = {
			isa = XCBuildConfiguration;
			buildSettings = {
				ASSETCATALOG_COMPILER_GLOBAL_ACCENT_COLOR_NAME = AccentColor;
				ASSETCATALOG_COMPILER_WIDGET_BACKGROUND_COLOR_NAME = WidgetBackground;
				CODE_SIGN_ENTITLEMENTS = NamiWidgetExtension.entitlements;
				CODE_SIGN_STYLE = Automatic;
				CURRENT_PROJECT_VERSION = 5;
				DEVELOPMENT_TEAM = WM7939G226;
				GENERATE_INFOPLIST_FILE = YES;
				INFOPLIST_FILE = NamiWidget/Info.plist;
				INFOPLIST_KEY_CFBundleDisplayName = NamiWidget;
				INFOPLIST_KEY_NSHumanReadableCopyright = "";
				LD_RUNPATH_SEARCH_PATHS = (
					"$(inherited)",
					"@executable_path/Frameworks",
					"@executable_path/../../Frameworks",
				);
				MARKETING_VERSION = 1.0;
				PRODUCT_BUNDLE_IDENTIFIER = com.imai.Nami.NamiWidget;
				PRODUCT_NAME = "$(TARGET_NAME)";
				SKIP_INSTALL = YES;
				STRING_CATALOG_GENERATE_SYMBOLS = YES;
				SWIFT_APPROACHABLE_CONCURRENCY = YES;
				SWIFT_EMIT_LOC_STRINGS = YES;
				SWIFT_UPCOMING_FEATURE_MEMBER_IMPORT_VISIBILITY = YES;
				SWIFT_VERSION = 5.0;
				TARGETED_DEVICE_FAMILY = 1;
			};
			name = Release;
		};
/* End XCBuildConfiguration section */

/* Begin XCConfigurationList section */
		AC5F41B72F39D66D00F0008A /* Build configuration list for PBXProject "Nami" */ = {
			isa = XCConfigurationList;
			buildConfigurations = (
				AC5F41DD2F39D67000F0008A /* Debug */,
				AC5F41DE2F39D67000F0008A /* Release */,
			);
			defaultConfigurationIsVisible = 0;
			defaultConfigurationName = Release;
		};
		AC5F41DF2F39D67000F0008A /* Build configuration list for PBXNativeTarget "Nami" */ = {
			isa = XCConfigurationList;
			buildConfigurations = (
				AC5F41E02F39D67000F0008A /* Debug */,
				AC5F41E12F39D67000F0008A /* Release */,
			);
			defaultConfigurationIsVisible = 0;
			defaultConfigurationName = Release;
		};
		AC5F41E22F39D67000F0008A /* Build configuration list for PBXNativeTarget "NamiTests" */ = {
			isa = XCConfigurationList;
			buildConfigurations = (
				AC5F41E32F39D67000F0008A /* Debug */,
				AC5F41E42F39D67000F0008A /* Release */,
			);
			defaultConfigurationIsVisible = 0;
			defaultConfigurationName = Release;
		};
		AC5F41E52F39D67000F0008A /* Build configuration list for PBXNativeTarget "NamiUITests" */ = {
			isa = XCConfigurationList;
			buildConfigurations = (
				AC5F41E62F39D67000F0008A /* Debug */,
				AC5F41E72F39D67000F0008A /* Release */,
			);
			defaultConfigurationIsVisible = 0;
			defaultConfigurationName = Release;
		};
		AC5F42312F39E7F300F0008A /* Build configuration list for PBXNativeTarget "NamiWidgetExtension" */ = {
			isa = XCConfigurationList;
			buildConfigurations = (
				AC5F42322F39E7F300F0008A /* Debug */,
				AC5F42332F39E7F300F0008A /* Release */,
			);
			defaultConfigurationIsVisible = 0;
			defaultConfigurationName = Release;
		};
/* End XCConfigurationList section */

/* Begin XCRemoteSwiftPackageReference section */
		AC40FCBA2F3E67C600390C78 /* XCRemoteSwiftPackageReference "swift-package-manager-google-mobile-ads" */ = {
			isa = XCRemoteSwiftPackageReference;
			repositoryURL = "https://github.com/googleads/swift-package-manager-google-mobile-ads";
			requirement = {
				kind = upToNextMajorVersion;
				minimumVersion = 13.0.0;
			};
		};
/* End XCRemoteSwiftPackageReference section */

/* Begin XCSwiftPackageProductDependency section */
		AC40FCBB2F3E67C600390C78 /* GoogleMobileAds */ = {
			isa = XCSwiftPackageProductDependency;
			package = AC40FCBA2F3E67C600390C78 /* XCRemoteSwiftPackageReference "swift-package-manager-google-mobile-ads" */;
			productName = GoogleMobileAds;
		};
/* End XCSwiftPackageProductDependency section */
	};
	rootObject = AC5F41B42F39D66D00F0008A /* Project object */;
}
